PODS:
  - Bandyer (3.11.1):
    - Bandyer/Core (= 3.11.1)
    - Bandyer/WebRTC (= 3.11.1)
  - Bandyer/Core (3.11.1)
  - Bandyer/WebRTC (3.11.1)
  - Cordova (6.2.0):
    - Cordova/Cordova (= 6.2.0)
  - Cordova/Cordova (6.2.0)
  - OCHamcrest (8.0.0)
  - OCMockito (6.0.0):
    - OCHamcrest (~> 8.0)
  - SwiftHamcrest (2.2.4)

DEPENDENCIES:
  - Bandyer (~> 3.11.1)
  - Cordova (~> 6)
  - OCHamcrest (~> 8.0)
  - OCMockito (~> 6.0)
  - SwiftHamcrest (= 2.2.4)

SPEC REPOS:
  trunk:
    - Bandyer
    - Cordova
    - OCHamcrest
    - OCMockito
    - SwiftHamcrest

SPEC CHECKSUMS:
  Bandyer: 310861e4191a19084a712b8a42a6e83e2c17f159
  Cordova: 7e83572fd98d1391ce92d93c081ce8d99d8cb014
  OCHamcrest: a613690381f1dac7637c18962c10dbe8feca4bb5
  OCMockito: 780f04370226f81a9d972c97d1203864ef609f5b
  SwiftHamcrest: a45dd878978049c0953259aa01c34fd7258d0340

PODFILE CHECKSUM: 49668e88ac7e84a1328b40e6f5d9df334d8c54fe

COCOAPODS: 1.15.2
